// !$*UTF8*$!
{
	archiveVersion = 1;
	classes = {
	};
	objectVersion = 50;
	objects = {

/* Begin PBXBuildFile section */
		650E96FE2170FD88009E85E8 /* AppDelegate.m in Sources */ = {isa = PBXBuildFile; fileRef = 650E96FD2170FD88009E85E8 /* AppDelegate.m */; };
		650E97012170FD88009E85E8 /* ViewController.m in Sources */ = {isa = PBXBuildFile; fileRef = 650E97002170FD88009E85E8 /* ViewController.m */; };
		650E97042170FD88009E85E8 /* Main.storyboard in Resources */ = {isa = PBXBuildFile; fileRef = 650E97022170FD88009E85E8 /* Main.storyboard */; };
		650E97062170FD8A009E85E8 /* Assets.xcassets in Resources */ = {isa = PBXBuildFile; fileRef = 650E97052170FD8A009E85E8 /* Assets.xcassets */; };
		650E97092170FD8A009E85E8 /* LaunchScreen.storyboard in Resources */ = {isa = PBXBuildFile; fileRef = 650E97072170FD8A009E85E8 /* LaunchScreen.storyboard */; };
		650E970C2170FD8A009E85E8 /* main.m in Sources */ = {isa = PBXBuildFile; fileRef = 650E970B2170FD8A009E85E8 /* main.m */; };
		650E97162170FD8A009E85E8 /* PickVideoExampleTests.m in Sources */ = {isa = PBXBuildFile; fileRef = 650E97152170FD8A009E85E8 /* PickVideoExampleTests.m */; };
		650E97212170FD8A009E85E8 /* PickVideoExampleUITests.m in Sources */ = {isa = PBXBuildFile; fileRef = 650E97202170FD8A009E85E8 /* PickVideoExampleUITests.m */; };
/* End PBXBuildFile section */

/* Begin PBXContainerItemProxy section */
		650E97122170FD8A009E85E8 /* PBXContainerItemProxy */ = {
			isa = PBXContainerItemProxy;
			containerPortal = 650E96F12170FD88009E85E8 /* Project object */;
			proxyType = 1;
			remoteGlobalIDString = 650E96F82170FD88009E85E8;
			remoteInfo = PickVideoExample;
		};
		650E971D2170FD8A009E85E8 /* PBXContainerItemProxy */ = {
			isa = PBXContainerItemProxy;
			containerPortal = 650E96F12170FD88009E85E8 /* Project object */;
			proxyType = 1;
			remoteGlobalIDString = 650E96F82170FD88009E85E8;
			remoteInfo = PickVideoExample;
		};
/* End PBXContainerItemProxy section */

/* Begin PBXFileReference section */
		650E96F92170FD88009E85E8 /* PickVideoExample.app */ = {isa = PBXFileReference; explicitFileType = wrapper.application; includeInIndex = 0; path = PickVideoExample.app; sourceTree = BUILT_PRODUCTS_DIR; };
		650E96FC2170FD88009E85E8 /* AppDelegate.h */ = {isa = PBXFileReference; lastKnownFileType = sourcecode.c.h; path = AppDelegate.h; sourceTree = "<group>"; };
		650E96FD2170FD88009E85E8 /* AppDelegate.m */ = {isa = PBXFileReference; lastKnownFileType = sourcecode.c.objc; path = AppDelegate.m; sourceTree = "<group>"; };
		650E96FF2170FD88009E85E8 /* ViewController.h */ = {isa = PBXFileReference; lastKnownFileType = sourcecode.c.h; path = ViewController.h; sourceTree = "<group>"; };
		650E97002170FD88009E85E8 /* ViewController.m */ = {isa = PBXFileReference; lastKnownFileType = sourcecode.c.objc; path = ViewController.m; sourceTree = "<group>"; };
		650E97032170FD88009E85E8 /* Base */ = {isa = PBXFileReference; lastKnownFileType = file.storyboard; name = Base; path = Base.lproj/Main.storyboard; sourceTree = "<group>"; };
		650E97052170FD8A009E85E8 /* Assets.xcassets */ = {isa = PBXFileReference; lastKnownFileType = folder.assetcatalog; path = Assets.xcassets; sourceTree = "<group>"; };
		650E97082170FD8A009E85E8 /* Base */ = {isa = PBXFileReference; lastKnownFileType = file.storyboard; name = Base; path = Base.lproj/LaunchScreen.storyboard; sourceTree = "<group>"; };
		650E970A2170FD8A009E85E8 /* Info.plist */ = {isa = PBXFileReference; lastKnownFileType = text.plist.xml; path = Info.plist; sourceTree = "<group>"; };
		650E970B2170FD8A009E85E8 /* main.m */ = {isa = PBXFileReference; lastKnownFileType = sourcecode.c.objc; path = main.m; sourceTree = "<group>"; };
		650E97112170FD8A009E85E8 /* PickVideoExampleTests.xctest */ = {isa = PBXFileReference; explicitFileType = wrapper.cfbundle; includeInIndex = 0; path = PickVideoExampleTests.xctest; sourceTree = BUILT_PRODUCTS_DIR; };
		650E97152170FD8A009E85E8 /* PickVideoExampleTests.m */ = {isa = PBXFileReference; lastKnownFileType = sourcecode.c.objc; path = PickVideoExampleTests.m; sourceTree = "<group>"; };
		650E97172170FD8A009E85E8 /* Info.plist */ = {isa = PBXFileReference; lastKnownFileType = text.plist.xml; path = Info.plist; sourceTree = "<group>"; };
		650E971C2170FD8A009E85E8 /* PickVideoExampleUITests.xctest */ = {isa = PBXFileReference; explicitFileType = wrapper.cfbundle; includeInIndex = 0; path = PickVideoExampleUITests.xctest; sourceTree = BUILT_PRODUCTS_DIR; };
		650E97202170FD8A009E85E8 /* PickVideoExampleUITests.m */ = {isa = PBXFileReference; lastKnownFileType = sourcecode.c.objc; path = PickVideoExampleUITests.m; sourceTree = "<group>"; };
		650E97222170FD8A009E85E8 /* Info.plist */ = {isa = PBXFileReference; lastKnownFileType = text.plist.xml; path = Info.plist; sourceTree = "<group>"; };
/* End PBXFileReference section */

/* Begin PBXFrameworksBuildPhase section */
		650E96F62170FD88009E85E8 /* Frameworks */ = {
			isa = PBXFrameworksBuildPhase;
			buildActionMask = 2147483647;
			files = (
			);
			runOnlyForDeploymentPostprocessing = 0;
		};
		650E970E2170FD8A009E85E8 /* Frameworks */ = {
			isa = PBXFrameworksBuildPhase;
			buildActionMask = 2147483647;
			files = (
			);
			runOnlyForDeploymentPostprocessing = 0;
		};
		650E97192170FD8A009E85E8 /* Frameworks */ = {
			isa = PBXFrameworksBuildPhase;
			buildActionMask = 2147483647;
			files = (
			);
			runOnlyForDeploymentPostprocessing = 0;
		};
/* End PBXFrameworksBuildPhase section */

/* Begin PBXGroup section */
		650E96F02170FD88009E85E8 = {
			isa = PBXGroup;
			children = (
				650E96FB2170FD88009E85E8 /* PickVideoExample */,
				650E97142170FD8A009E85E8 /* PickVideoExampleTests */,
				650E971F2170FD8A009E85E8 /* PickVideoExampleUITests */,
				650E96FA2170FD88009E85E8 /* Products */,
			);
			sourceTree = "<group>";
		};
		650E96FA2170FD88009E85E8 /* Products */ = {
			isa = PBXGroup;
			children = (
				650E96F92170FD88009E85E8 /* PickVideoExample.app */,
				650E97112170FD8A009E85E8 /* PickVideoExampleTests.xctest */,
				650E971C2170FD8A009E85E8 /* PickVideoExampleUITests.xctest */,
			);
			name = Products;
			sourceTree = "<group>";
		};
		650E96FB2170FD88009E85E8 /* PickVideoExample */ = {
			isa = PBXGroup;
			children = (
				650E96FC2170FD88009E85E8 /* AppDelegate.h */,
				650E96FD2170FD88009E85E8 /* AppDelegate.m */,
				650E96FF2170FD88009E85E8 /* ViewController.h */,
				650E97002170FD88009E85E8 /* ViewController.m */,
				650E97022170FD88009E85E8 /* Main.storyboard */,
				650E97052170FD8A009E85E8 /* Assets.xcassets */,
				650E97072170FD8A009E85E8 /* LaunchScreen.storyboard */,
				650E970A2170FD8A009E85E8 /* Info.plist */,
				650E970B2170FD8A009E85E8 /* main.m */,
			);
			path = PickVideoExample;
			sourceTree = "<group>";
		};
		650E97142170FD8A009E85E8 /* PickVideoExampleTests */ = {
			isa = PBXGroup;
			children = (
				650E97152170FD8A009E85E8 /* PickVideoExampleTests.m */,
				650E97172170FD8A009E85E8 /* Info.plist */,
			);
			path = PickVideoExampleTests;
			sourceTree = "<group>";
		};
		650E971F2170FD8A009E85E8 /* PickVideoExampleUITests */ = {
			isa = PBXGroup;
			children = (
				650E97202170FD8A009E85E8 /* PickVideoExampleUITests.m */,
				650E97222170FD8A009E85E8 /* Info.plist */,
			);
			path = PickVideoExampleUITests;
			sourceTree = "<group>";
		};
/* End PBXGroup section */

/* Begin PBXNativeTarget section */
		650E96F82170FD88009E85E8 /* PickVideoExample */ = {
			isa = PBXNativeTarget;
			buildConfigurationList = 650E97252170FD8A009E85E8 /* Build configuration list for PBXNativeTarget "PickVideoExample" */;
			buildPhases = (
				650E96F52170FD88009E85E8 /* Sources */,
				650E96F62170FD88009E85E8 /* Frameworks */,
				650E96F72170FD88009E85E8 /* Resources */,
			);
			buildRules = (
			);
			dependencies = (
			);
			name = PickVideoExample;
			productName = PickVideoExample;
			productReference = 650E96F92170FD88009E85E8 /* PickVideoExample.app */;
			productType = "com.apple.product-type.application";
		};
		650E97102170FD8A009E85E8 /* PickVideoExampleTests */ = {
			isa = PBXNativeTarget;
			buildConfigurationList = 650E97282170FD8A009E85E8 /* Build configuration list for PBXNativeTarget "PickVideoExampleTests" */;
			buildPhases = (
				650E970D2170FD8A009E85E8 /* Sources */,
				650E970E2170FD8A009E85E8 /* Frameworks */,
				650E970F2170FD8A009E85E8 /* Resources */,
			);
			buildRules = (
			);
			dependencies = (
				650E97132170FD8A009E85E8 /* PBXTargetDependency */,
			);
			name = PickVideoExampleTests;
			productName = PickVideoExampleTests;
			productReference = 650E97112170FD8A009E85E8 /* PickVideoExampleTests.xctest */;
			productType = "com.apple.product-type.bundle.unit-test";
		};
		650E971B2170FD8A009E85E8 /* PickVideoExampleUITests */ = {
			isa = PBXNativeTarget;
			buildConfigurationList = 650E972B2170FD8A009E85E8 /* Build configuration list for PBXNativeTarget "PickVideoExampleUITests" */;
			buildPhases = (
				650E97182170FD8A009E85E8 /* Sources */,
				650E97192170FD8A009E85E8 /* Frameworks */,
				650E971A2170FD8A009E85E8 /* Resources */,
			);
			buildRules = (
			);
			dependencies = (
				650E971E2170FD8A009E85E8 /* PBXTargetDependency */,
			);
			name = PickVideoExampleUITests;
			productName = PickVideoExampleUITests;
			productReference = 650E971C2170FD8A009E85E8 /* PickVideoExampleUITests.xctest */;
			productType = "com.apple.product-type.bundle.ui-testing";
		};
/* End PBXNativeTarget section */

/* Begin PBXProject section */
		650E96F12170FD88009E85E8 /* Project object */ = {
			isa = PBXProject;
			attributes = {
				LastUpgradeCheck = 1000;
				ORGANIZATIONNAME = Pasha;
				TargetAttributes = {
					650E96F82170FD88009E85E8 = {
						CreatedOnToolsVersion = 10.0;
					};
					650E97102170FD8A009E85E8 = {
						CreatedOnToolsVersion = 10.0;
						TestTargetID = 650E96F82170FD88009E85E8;
					};
					650E971B2170FD8A009E85E8 = {
						CreatedOnToolsVersion = 10.0;
						TestTargetID = 650E96F82170FD88009E85E8;
					};
				};
			};
			buildConfigurationList = 650E96F42170FD88009E85E8 /* Build configuration list for PBXProject "PickVideoExample" */;
			compatibilityVersion = "Xcode 9.3";
			developmentRegion = en;
			hasScannedForEncodings = 0;
			knownRegions = (
				en,
				Base,
			);
			mainGroup = 650E96F02170FD88009E85E8;
			productRefGroup = 650E96FA2170FD88009E85E8 /* Products */;
			projectDirPath = "";
			projectRoot = "";
			targets = (
				650E96F82170FD88009E85E8 /* PickVideoExample */,
				650E97102170FD8A009E85E8 /* PickVideoExampleTests */,
				650E971B2170FD8A009E85E8 /* PickVideoExampleUITests */,
			);
		};
/* End PBXProject section */

/* Begin PBXResourcesBuildPhase section */
		650E96F72170FD88009E85E8 /* Resources */ = {
			isa = PBXResourcesBuildPhase;
			buildActionMask = 2147483647;
			files = (
				650E97092170FD8A009E85E8 /* LaunchScreen.storyboard in Resources */,
				650E97062170FD8A009E85E8 /* Assets.xcassets in Resources */,
				650E97042170FD88009E85E8 /* Main.storyboard in Resources */,
			);
			runOnlyForDeploymentPostprocessing = 0;
		};
		650E970F2170FD8A009E85E8 /* Resources */ = {
			isa = PBXResourcesBuildPhase;
			buildActionMask = 2147483647;
			files = (
			);
			runOnlyForDeploymentPostprocessing = 0;
		};
		650E971A2170FD8A009E85E8 /* Resources */ = {
			isa = PBXResourcesBuildPhase;
			buildActionMask = 2147483647;
			files = (
			);
			runOnlyForDeploymentPostprocessing = 0;
		};
/* End PBXResourcesBuildPhase section */

/* Begin PBXSourcesBuildPhase section */
		650E96F52170FD88009E85E8 /* Sources */ = {
			isa = PBXSourcesBuildPhase;
			buildActionMask = 2147483647;
			files = (
				650E97012170FD88009E85E8 /* ViewController.m in Sources */,
				650E970C2170FD8A009E85E8 /* main.m in Sources */,
				650E96FE2170FD88009E85E8 /* AppDelegate.m in Sources */,
			);
			runOnlyForDeploymentPostprocessing = 0;
		};
		650E970D2170FD8A009E85E8 /* Sources */ = {
			isa = PBXSourcesBuildPhase;
			buildActionMask = 2147483647;
			files = (
				650E97162170FD8A009E85E8 /* PickVideoExampleTests.m in Sources */,
			);
			runOnlyForDeploymentPostprocessing = 0;
		};
		650E97182170FD8A009E85E8 /* Sources */ = {
			isa = PBXSourcesBuildPhase;
			buildActionMask = 2147483647;
			files = (
				650E97212170FD8A009E85E8 /* PickVideoExampleUITests.m in Sources */,
			);
			runOnlyForDeploymentPostprocessing = 0;
		};
/* End PBXSourcesBuildPhase section */

/* Begin PBXTargetDependency section */
		650E97132170FD8A009E85E8 /* PBXTargetDependency */ = {
			isa = PBXTargetDependency;
			target = 650E96F82170FD88009E85E8 /* PickVideoExample */;
			targetProxy = 650E97122170FD8A009E85E8 /* PBXContainerItemProxy */;
		};
		650E971E2170FD8A009E85E8 /* PBXTargetDependency */ = {
			isa = PBXTargetDependency;
			target = 650E96F82170FD88009E85E8 /* PickVideoExample */;
			targetProxy = 650E971D2170FD8A009E85E8 /* PBXContainerItemProxy */;
		};
/* End PBXTargetDependency section */

/* Begin PBXVariantGroup section */
		650E97022170FD88009E85E8 /* Main.storyboard */ = {
			isa = PBXVariantGroup;
			children = (
				650E97032170FD88009E85E8 /* Base */,
			);
			name = Main.storyboard;
			sourceTree = "<group>";
		};
		650E97072170FD8A009E85E8 /* LaunchScreen.storyboard */ = {
			isa = PBXVariantGroup;
			children = (
				650E97082170FD8A009E85E8 /* Base */,
			);
			name = LaunchScreen.storyboard;
			sourceTree = "<group>";
		};
/* End PBXVariantGroup section */

/* Begin XCBuildConfiguration section */
		650E97232170FD8A009E85E8 /* Debug */ = {
			isa = XCBuildConfiguration;
			buildSettings = {
				ALWAYS_SEARCH_USER_PATHS = NO;
				CLANG_ANALYZER_NONNULL = YES;
				CLANG_ANALYZER_NUMBER_OBJECT_CONVERSION = YES_AGGRESSIVE;
				CLANG_CXX_LANGUAGE_STANDARD = "gnu++14";
				CLANG_CXX_LIBRARY = "libc++";
				CLANG_ENABLE_MODULES = YES;
				CLANG_ENABLE_OBJC_ARC = YES;
				CLANG_ENABLE_OBJC_WEAK = YES;
				CLANG_WARN_BLOCK_CAPTURE_AUTORELEASING = YES;
				CLANG_WARN_BOOL_CONVERSION = YES;
				CLANG_WARN_COMMA = YES;
				CLANG_WARN_CONSTANT_CONVERSION = YES;
				CLANG_WARN_DEPRECATED_OBJC_IMPLEMENTATIONS = YES;
				CLANG_WARN_DIRECT_OBJC_ISA_USAGE = YES_ERROR;
				CLANG_WARN_DOCUMENTATION_COMMENTS = YES;
				CLANG_WARN_EMPTY_BODY = YES;
				CLANG_WARN_ENUM_CONVERSION = YES;
				CLANG_WARN_INFINITE_RECURSION = YES;
				CLANG_WARN_INT_CONVERSION = YES;
				CLANG_WARN_NON_LITERAL_NULL_CONVERSION = YES;
				CLANG_WARN_OBJC_IMPLICIT_RETAIN_SELF = YES;
				CLANG_WARN_OBJC_LITERAL_CONVERSION = YES;
				CLANG_WARN_OBJC_ROOT_CLASS = YES_ERROR;
				CLANG_WARN_RANGE_LOOP_ANALYSIS = YES;
				CLANG_WARN_STRICT_PROTOTYPES = YES;
				CLANG_WARN_SUSPICIOUS_MOVE = YES;
				CLANG_WARN_UNGUARDED_AVAILABILITY = YES_AGGRESSIVE;
				CLANG_WARN_UNREACHABLE_CODE = YES;
				CLANG_WARN__DUPLICATE_METHOD_MATCH = YES;
				CODE_SIGN_IDENTITY = "iPhone Developer";
				COPY_PHASE_STRIP = NO;
				DEBUG_INFORMATION_FORMAT = dwarf;
				ENABLE_STRICT_OBJC_MSGSEND = YES;
				ENABLE_TESTABILITY = YES;
				GCC_C_LANGUAGE_STANDARD = gnu11;
				GCC_DYNAMIC_NO_PIC = NO;
				GCC_NO_COMMON_BLOCKS = YES;
				GCC_OPTIMIZATION_LEVEL = 0;
				GCC_PREPROCESSOR_DEFINITIONS = (
					"DEBUG=1",
					"$(inherited)",
				);
				GCC_WARN_64_TO_32_BIT_CONVERSION = YES;
				GCC_WARN_ABOUT_RETURN_TYPE = YES_ERROR;
				GCC_WARN_UNDECLARED_SELECTOR = YES;
				GCC_WARN_UNINITIALIZED_AUTOS = YES_AGGRESSIVE;
				GCC_WARN_UNUSED_FUNCTION = YES;
				GCC_WARN_UNUSED_VARIABLE = YES;
				IPHONEOS_DEPLOYMENT_TARGET = 12.0;
				MTL_ENABLE_DEBUG_INFO = INCLUDE_SOURCE;
				MTL_FAST_MATH = YES;
				ONLY_ACTIVE_ARCH = YES;
				SDKROOT = iphoneos;
			};
			name = Debug;
		};
		650E97242170FD8A009E85E8 /* Release */ = {
			isa = XCBuildConfiguration;
			buildSettings = {
				ALWAYS_SEARCH_USER_PATHS = NO;
				CLANG_ANALYZER_NONNULL = YES;
				CLANG_ANALYZER_NUMBER_OBJECT_CONVERSION = YES_AGGRESSIVE;
				CLANG_CXX_LANGUAGE_STANDARD = "gnu++14";
				CLANG_CXX_LIBRARY = "libc++";
				CLANG_ENABLE_MODULES = YES;
				CLANG_ENABLE_OBJC_ARC = YES;
				CLANG_ENABLE_OBJC_WEAK = YES;
				CLANG_WARN_BLOCK_CAPTURE_AUTORELEASING = YES;
				CLANG_WARN_BOOL_CONVERSION = YES;
				CLANG_WARN_COMMA = YES;
				CLANG_WARN_CONSTANT_CONVERSION = YES;
				CLANG_WARN_DEPRECATED_OBJC_IMPLEMENTATIONS = YES;
				CLANG_WARN_DIRECT_OBJC_ISA_USAGE = YES_ERROR;
				CLANG_WARN_DOCUMENTATION_COMMENTS = YES;
				CLANG_WARN_EMPTY_BODY = YES;
				CLANG_WARN_ENUM_CONVERSION = YES;
				CLANG_WARN_INFINITE_RECURSION = YES;
				CLANG_WARN_INT_CONVERSION = YES;
				CLANG_WARN_NON_LITERAL_NULL_CONVERSION = YES;
				CLANG_WARN_OBJC_IMPLICIT_RETAIN_SELF = YES;
				CLANG_WARN_OBJC_LITERAL_CONVERSION = YES;
				CLANG_WARN_OBJC_ROOT_CLASS = YES_ERROR;
				CLANG_WARN_RANGE_LOOP_ANALYSIS = YES;
				CLANG_WARN_STRICT_PROTOTYPES = YES;
				CLANG_WARN_SUSPICIOUS_MOVE = YES;
				CLANG_WARN_UNGUARDED_AVAILABILITY = YES_AGGRESSIVE;
				CLANG_WARN_UNREACHABLE_CODE = YES;
				CLANG_WARN__DUPLICATE_METHOD_MATCH = YES;
				CODE_SIGN_IDENTITY = "iPhone Developer";
				COPY_PHASE_STRIP = NO;
				DEBUG_INFORMATION_FORMAT = "dwarf-with-dsym";
				ENABLE_NS_ASSERTIONS = NO;
				ENABLE_STRICT_OBJC_MSGSEND = YES;
				GCC_C_LANGUAGE_STANDARD = gnu11;
				GCC_NO_COMMON_BLOCKS = YES;
				GCC_WARN_64_TO_32_BIT_CONVERSION = YES;
				GCC_WARN_ABOUT_RETURN_TYPE = YES_ERROR;
				GCC_WARN_UNDECLARED_SELECTOR = YES;
				GCC_WARN_UNINITIALIZED_AUTOS = YES_AGGRESSIVE;
				GCC_WARN_UNUSED_FUNCTION = YES;
				GCC_WARN_UNUSED_VARIABLE = YES;
				IPHONEOS_DEPLOYMENT_TARGET = 12.0;
				MTL_ENABLE_DEBUG_INFO = NO;
				MTL_FAST_MATH = YES;
				SDKROOT = iphoneos;
				VALIDATE_PRODUCT = YES;
			};
			name = Release;
		};
		650E97262170FD8A009E85E8 /* Debug */ = {
			isa = XCBuildConfiguration;
			buildSettings = {
				ASSETCATALOG_COMPILER_APPICON_NAME = AppIcon;
				CODE_SIGN_STYLE = Automatic;
				INFOPLIST_FILE = PickVideoExample/Info.plist;
				LD_RUNPATH_SEARCH_PATHS = (
					"$(inherited)",
					"@executable_path/Frameworks",
				);
				PRODUCT_BUNDLE_IDENTIFIER = mycompany.PickVideoExample;
				PRODUCT_NAME = "$(TARGET_NAME)";
				TARGETED_DEVICE_FAMILY = "1,2";
			};
			name = Debug;
		};
		650E97272170FD8A009E85E8 /* Release */ = {
			isa = XCBuildConfiguration;
			buildSettings = {
				ASSETCATALOG_COMPILER_APPICON_NAME = AppIcon;
				CODE_SIGN_STYLE = Automatic;
				INFOPLIST_FILE = PickVideoExample/Info.plist;
				LD_RUNPATH_SEARCH_PATHS = (
					"$(inherited)",
					"@executable_path/Frameworks",
				);
				PRODUCT_BUNDLE_IDENTIFIER = mycompany.PickVideoExample;
				PRODUCT_NAME = "$(TARGET_NAME)";
				TARGETED_DEVICE_FAMILY = "1,2";
			};
			name = Release;
		};
		650E97292170FD8A009E85E8 /* Debug */ = {
			isa = XCBuildConfiguration;
			buildSettings = {
				BUNDLE_LOADER = "$(TEST_HOST)";
				CODE_SIGN_STYLE = Automatic;
				INFOPLIST_FILE = PickVideoExampleTests/Info.plist;
				LD_RUNPATH_SEARCH_PATHS = (
					"$(inherited)",
					"@executable_path/Frameworks",
					"@loader_path/Frameworks",
				);
				PRODUCT_BUNDLE_IDENTIFIER = mycompany.PickVideoExampleTests;
				PRODUCT_NAME = "$(TARGET_NAME)";
				TARGETED_DEVICE_FAMILY = "1,2";
				TEST_HOST = "$(BUILT_PRODUCTS_DIR)/PickVideoExample.app/PickVideoExample";
			};
			name = Debug;
		};
		650E972A2170FD8A009E85E8 /* Release */ = {
			isa = XCBuildConfiguration;
			buildSettings = {
				BUNDLE_LOADER = "$(TEST_HOST)";
				CODE_SIGN_STYLE = Automatic;
				INFOPLIST_FILE = PickVideoExampleTests/Info.plist;
				LD_RUNPATH_SEARCH_PATHS = (
					"$(inherited)",
					"@executable_path/Frameworks",
					"@loader_path/Frameworks",
				);
				PRODUCT_BUNDLE_IDENTIFIER = mycompany.PickVideoExampleTests;
				PRODUCT_NAME = "$(TARGET_NAME)";
				TARGETED_DEVICE_FAMILY = "1,2";
				TEST_HOST = "$(BUILT_PRODUCTS_DIR)/PickVideoExample.app/PickVideoExample";
			};
			name = Release;
		};
		650E972C2170FD8A009E85E8 /* Debug */ = {
			isa = XCBuildConfiguration;
			buildSettings = {
				CODE_SIGN_STYLE = Automatic;
				INFOPLIST_FILE = PickVideoExampleUITests/Info.plist;
				LD_RUNPATH_SEARCH_PATHS = (
					"$(inherited)",
					"@executable_path/Frameworks",
					"@loader_path/Frameworks",
				);
				PRODUCT_BUNDLE_IDENTIFIER = mycompany.PickVideoExampleUITests;
				PRODUCT_NAME = "$(TARGET_NAME)";
				TARGETED_DEVICE_FAMILY = "1,2";
				TEST_TARGET_NAME = PickVideoExample;
			};
			name = Debug;
		};
		650E972D2170FD8A009E85E8 /* Release */ = {
			isa = XCBuildConfiguration;
			buildSettings = {
				CODE_SIGN_STYLE = Automatic;
				INFOPLIST_FILE = PickVideoExampleUITests/Info.plist;
				LD_RUNPATH_SEARCH_PATHS = (
					"$(inherited)",
					"@executable_path/Frameworks",
					"@loader_path/Frameworks",
				);
				PRODUCT_BUNDLE_IDENTIFIER = mycompany.PickVideoExampleUITests;
				PRODUCT_NAME = "$(TARGET_NAME)";
				TARGETED_DEVICE_FAMILY = "1,2";
				TEST_TARGET_NAME = PickVideoExample;
			};
			name = Release;
		};
/* End XCBuildConfiguration section */

/* Begin XCConfigurationList section */
		650E96F42170FD88009E85E8 /* Build configuration list for PBXProject "PickVideoExample" */ = {
			isa = XCConfigurationList;
			buildConfigurations = (
				650E97232170FD8A009E85E8 /* Debug */,
				650E97242170FD8A009E85E8 /* Release */,
			);
			defaultConfigurationIsVisible = 0;
			defaultConfigurationName = Release;
		};
		650E97252170FD8A009E85E8 /* Build configuration list for PBXNativeTarget "PickVideoExample" */ = {
			isa = XCConfigurationList;
			buildConfigurations = (
				650E97262170FD8A009E85E8 /* Debug */,
				650E97272170FD8A009E85E8 /* Release */,
			);
			defaultConfigurationIsVisible = 0;
			defaultConfigurationName = Release;
		};
		650E97282170FD8A009E85E8 /* Build configuration list for PBXNativeTarget "PickVideoExampleTests" */ = {
			isa = XCConfigurationList;
			buildConfigurations = (
				650E97292170FD8A009E85E8 /* Debug */,
				650E972A2170FD8A009E85E8 /* Release */,
			);
			defaultConfigurationIsVisible = 0;
			defaultConfigurationName = Release;
		};
		650E972B2170FD8A009E85E8 /* Build configuration list for PBXNativeTarget "PickVideoExampleUITests" */ = {
			isa = XCConfigurationList;
			buildConfigurations = (
				650E972C2170FD8A009E85E8 /* Debug */,
				650E972D2170FD8A009E85E8 /* Release */,
			);
			defaultConfigurationIsVisible = 0;
			defaultConfigurationName = Release;
		};
/* End XCConfigurationList section */
	};
	rootObject = 650E96F12170FD88009E85E8 /* Project object */;
}
